<?xml version="1.0" encoding="utf-8"?>
<Project ToolsVersion="4.0" xmlns="http://schemas.microsoft.com/developer/msbuild/2003">
  <ItemGroup>
    <Filter Include="src">
      <UniqueIdentifier>{81c73a90-6035-445f-afe3-d0194b6e1628}</UniqueIdentifier>
    </Filter>
    <Filter Include="Tree">
      <UniqueIdentifier>{9b29b59d-0e23-49cd-a5aa-dc2c189ab40d}</UniqueIdentifier>
    </Filter>
  </ItemGroup>
  <ItemGroup>
    <ClInclude Include="MTree.h">
      <Filter>src</Filter>
    </ClInclude>
    <ClInclude Include="MWind.h">
      <Filter>src</Filter>
    </ClInclude>
    <ClInclude Include="MTreeGlobal.h">
      <Filter>src</Filter>
    </ClInclude>
    <ClInclude Include="MTreeInstance.h">
      <Filter>src</Filter>
    </ClInclude>
    <ClInclude Include="MForest.h">
      <Filter>src</Filter>
    </ClInclude>
    <ClInclude Include="MSpeedTreePlugin.h" />
    <ClInclude Include="MSpeedTreeEntry.h" />
    <ClInclude Include="MBranch.h">
      <Filter>Tree</Filter>
    </ClInclude>
  </ItemGroup>
  <ItemGroup>
    <ClCompile Include="MTree.cpp">
      <Filter>src</Filter>
    </ClCompile>
    <ClCompile Include="MWind.cpp">
      <Filter>src</Filter>
    </ClCompile>
    <ClCompile Include="MTreeInstance.cpp">
      <Filter>src</Filter>
    </ClCompile>
    <ClCompile Include="MForest.cpp">
      <Filter>src</Filter>
    </ClCompile>
    <ClCompile Include="main.cpp" />
    <ClCompile Include="MBranch.cpp">
      <Filter>Tree</Filter>
    </ClCompile>
  </ItemGroup>
</Project>