<?xml version="1.0" encoding="utf-8"?>
<Project ToolsVersion="4.0" xmlns="http://schemas.microsoft.com/developer/msbuild/2003">
  <ItemGroup>
    <Filter Include="FMAudioSystem">
      <UniqueIdentifier>{768be200-509c-4ac4-805b-6edf12558db7}</UniqueIdentifier>
    </Filter>
  </ItemGroup>
  <ItemGroup>
    <ClCompile Include="MWFMAudioSystem.cpp">
      <Filter>FMAudioSystem</Filter>
    </ClCompile>
    <ClCompile Include="MWFMMusic.cpp">
      <Filter>FMAudioSystem</Filter>
    </ClCompile>
    <ClCompile Include="MWFMSound.cpp">
      <Filter>FMAudioSystem</Filter>
    </ClCompile>
    <ClCompile Include="main.cpp" />
    <ClCompile Include="MWFMAudioSystemPlugin.cpp" />
  </ItemGroup>
  <ItemGroup>
    <ClInclude Include="MWFMAudioSystem.h">
      <Filter>FMAudioSystem</Filter>
    </ClInclude>
    <ClInclude Include="MWFMMusic.h">
      <Filter>FMAudioSystem</Filter>
    </ClInclude>
    <ClInclude Include="MWFMSound.h">
      <Filter>FMAudioSystem</Filter>
    </ClInclude>
    <ClInclude Include="MWFMAudioSystemEntry.h" />
    <ClInclude Include="MWFMAudioSystemPlugin.h" />
  </ItemGroup>
</Project>