
Microsoft Visual Studio Solution File, Format Version 11.00
# Visual Studio 2010
Project("{2150E333-8FDC-42A3-9474-1A3956D46DE8}") = "Engine", "Engine", "{0E9E3360-A145-420D-AD2C-EC86CE9BE666}"
EndProject
Project("{2150E333-8FDC-42A3-9474-1A3956D46DE8}") = "xInfinite", "xInfinite", "{A17D32C9-281A-4641-8932-AC2B1BB790C1}"
EndProject
Project("{2150E333-8FDC-42A3-9474-1A3956D46DE8}") = "xMeshViewer", "xMeshViewer", "{4A0E63BF-142E-4650-832D-05BE858D6461}"
EndProject
Project("{8BC9CEB8-8B4A-11D0-8D11-00A0C91BC942}") = "Myway", "Myway\Myway.vcxproj", "{1470171E-7B11-4D7D-B470-8D9EDD9BAFA6}"
EndProject
Project("{8BC9CEB8-8B4A-11D0-8D11-00A0C91BC942}") = "D3D9RenderSystem", "D3D9RenderSystem\D3D9RenderSystem.vcxproj", "{B9D5225D-A6D3-40EB-BAA2-866622B5B91B}"
EndProject
Project("{8BC9CEB8-8B4A-11D0-8D11-00A0C91BC942}") = "DI8InputSystem", "DI8InputSystem\DI8InputSystem.vcxproj", "{746D8DC2-6AE7-4092-8D11-1DB42C30CE54}"
EndProject
Project("{8BC9CEB8-8B4A-11D0-8D11-00A0C91BC942}") = "xInfinite", "xInfinite\xInfinite.vcxproj", "{155D9299-05AD-4EBB-AAF4-9C3F6071040E}"
EndProject
Project("{8BC9CEB8-8B4A-11D0-8D11-00A0C91BC942}") = "xMeshViewer", "xMeshViewer\xMeshViewer.vcxproj", "{1A5D21E0-E041-4087-BD6E-4135DFDB57D0}"
EndProject
Project("{8BC9CEB8-8B4A-11D0-8D11-00A0C91BC942}") = "xEditor", "xEditor\xEditor.vcxproj", "{C9687200-A0BA-4D8B-A545-BDE72563AB48}"
EndProject
Project("{8BC9CEB8-8B4A-11D0-8D11-00A0C91BC942}") = "xTerrain", "xTerrain\xTerrain.vcxproj", "{EEA876C1-B90F-442D-A26E-12180149EDF4}"
EndProject
Global
	GlobalSection(SolutionConfigurationPlatforms) = preSolution
		Debug|Win32 = Debug|Win32
		Release|Win32 = Release|Win32
	EndGlobalSection
	GlobalSection(ProjectConfigurationPlatforms) = postSolution
		{1470171E-7B11-4D7D-B470-8D9EDD9BAFA6}.Debug|Win32.ActiveCfg = Debug|Win32
		{1470171E-7B11-4D7D-B470-8D9EDD9BAFA6}.Debug|Win32.Build.0 = Debug|Win32
		{1470171E-7B11-4D7D-B470-8D9EDD9BAFA6}.Release|Win32.ActiveCfg = Release|Win32
		{1470171E-7B11-4D7D-B470-8D9EDD9BAFA6}.Release|Win32.Build.0 = Release|Win32
		{B9D5225D-A6D3-40EB-BAA2-866622B5B91B}.Debug|Win32.ActiveCfg = Debug|Win32
		{B9D5225D-A6D3-40EB-BAA2-866622B5B91B}.Debug|Win32.Build.0 = Debug|Win32
		{B9D5225D-A6D3-40EB-BAA2-866622B5B91B}.Release|Win32.ActiveCfg = Release|Win32
		{B9D5225D-A6D3-40EB-BAA2-866622B5B91B}.Release|Win32.Build.0 = Release|Win32
		{746D8DC2-6AE7-4092-8D11-1DB42C30CE54}.Debug|Win32.ActiveCfg = Debug|Win32
		{746D8DC2-6AE7-4092-8D11-1DB42C30CE54}.Debug|Win32.Build.0 = Debug|Win32
		{746D8DC2-6AE7-4092-8D11-1DB42C30CE54}.Release|Win32.ActiveCfg = Release|Win32
		{746D8DC2-6AE7-4092-8D11-1DB42C30CE54}.Release|Win32.Build.0 = Release|Win32
		{155D9299-05AD-4EBB-AAF4-9C3F6071040E}.Debug|Win32.ActiveCfg = Debug|Win32
		{155D9299-05AD-4EBB-AAF4-9C3F6071040E}.Debug|Win32.Build.0 = Debug|Win32
		{155D9299-05AD-4EBB-AAF4-9C3F6071040E}.Release|Win32.ActiveCfg = Release|Win32
		{155D9299-05AD-4EBB-AAF4-9C3F6071040E}.Release|Win32.Build.0 = Release|Win32
		{1A5D21E0-E041-4087-BD6E-4135DFDB57D0}.Debug|Win32.ActiveCfg = Debug|Win32
		{1A5D21E0-E041-4087-BD6E-4135DFDB57D0}.Debug|Win32.Build.0 = Debug|Win32
		{1A5D21E0-E041-4087-BD6E-4135DFDB57D0}.Release|Win32.ActiveCfg = Release|Win32
		{1A5D21E0-E041-4087-BD6E-4135DFDB57D0}.Release|Win32.Build.0 = Release|Win32
		{C9687200-A0BA-4D8B-A545-BDE72563AB48}.Debug|Win32.ActiveCfg = Debug|Win32
		{C9687200-A0BA-4D8B-A545-BDE72563AB48}.Debug|Win32.Build.0 = Debug|Win32
		{C9687200-A0BA-4D8B-A545-BDE72563AB48}.Release|Win32.ActiveCfg = Release|Win32
		{C9687200-A0BA-4D8B-A545-BDE72563AB48}.Release|Win32.Build.0 = Release|Win32
		{EEA876C1-B90F-442D-A26E-12180149EDF4}.Debug|Win32.ActiveCfg = Debug|Win32
		{EEA876C1-B90F-442D-A26E-12180149EDF4}.Debug|Win32.Build.0 = Debug|Win32
		{EEA876C1-B90F-442D-A26E-12180149EDF4}.Release|Win32.ActiveCfg = Release|Win32
		{EEA876C1-B90F-442D-A26E-12180149EDF4}.Release|Win32.Build.0 = Release|Win32
	EndGlobalSection
	GlobalSection(SolutionProperties) = preSolution
		HideSolutionNode = FALSE
	EndGlobalSection
	GlobalSection(NestedProjects) = preSolution
		{1470171E-7B11-4D7D-B470-8D9EDD9BAFA6} = {0E9E3360-A145-420D-AD2C-EC86CE9BE666}
		{B9D5225D-A6D3-40EB-BAA2-866622B5B91B} = {0E9E3360-A145-420D-AD2C-EC86CE9BE666}
		{746D8DC2-6AE7-4092-8D11-1DB42C30CE54} = {0E9E3360-A145-420D-AD2C-EC86CE9BE666}
		{155D9299-05AD-4EBB-AAF4-9C3F6071040E} = {A17D32C9-281A-4641-8932-AC2B1BB790C1}
		{C9687200-A0BA-4D8B-A545-BDE72563AB48} = {A17D32C9-281A-4641-8932-AC2B1BB790C1}
		{EEA876C1-B90F-442D-A26E-12180149EDF4} = {A17D32C9-281A-4641-8932-AC2B1BB790C1}
		{1A5D21E0-E041-4087-BD6E-4135DFDB57D0} = {4A0E63BF-142E-4650-832D-05BE858D6461}
	EndGlobalSection
EndGlobal
