<?xml version="1.0" encoding="utf-8"?>
<Project ToolsVersion="4.0" xmlns="http://schemas.microsoft.com/developer/msbuild/2003">
  <ItemGroup>
    <Filter Include="Myway">
      <UniqueIdentifier>{404c8103-6e96-4412-a9b3-86cb82ae466e}</UniqueIdentifier>
    </Filter>
    <Filter Include="Myway\Core">
      <UniqueIdentifier>{50bcfcd4-e63d-4072-956f-ba226106ed97}</UniqueIdentifier>
    </Filter>
    <Filter Include="Myway\Core\Template">
      <UniqueIdentifier>{1562cfbc-25e8-4d12-9fda-4884a2a208dd}</UniqueIdentifier>
    </Filter>
    <Filter Include="Myway\Core\xml">
      <UniqueIdentifier>{e0c5da91-4a38-4ee8-bd21-0ecac1e3f93a}</UniqueIdentifier>
    </Filter>
    <Filter Include="Myway\Math">
      <UniqueIdentifier>{9853bf32-c989-41ed-a99f-1176682e3f54}</UniqueIdentifier>
    </Filter>
    <Filter Include="Myway\Engine">
      <UniqueIdentifier>{8a2b064f-007d-43c5-a75f-8c940f45930a}</UniqueIdentifier>
    </Filter>
    <Filter Include="Myway\Physics">
      <UniqueIdentifier>{881bd66c-7b38-4fad-a27a-fafb3c054b95}</UniqueIdentifier>
    </Filter>
    <Filter Include="Myway\RenderSystem">
      <UniqueIdentifier>{ee7021fa-c33f-4407-bfc7-f04fad43ae48}</UniqueIdentifier>
    </Filter>
    <Filter Include="Myway\RenderSystem\Resource">
      <UniqueIdentifier>{430f9d93-bca2-4402-b3f5-354a574a1ae6}</UniqueIdentifier>
    </Filter>
    <Filter Include="Myway\RenderSystem\Entity">
      <UniqueIdentifier>{8fbae6e3-6be7-4e7c-9e11-b468cf2d7247}</UniqueIdentifier>
    </Filter>
    <Filter Include="Myway\RenderSystem\Light">
      <UniqueIdentifier>{03c51359-5ce4-49d3-9982-d9a12a5994a2}</UniqueIdentifier>
    </Filter>
    <Filter Include="Myway\RenderSystem\Scene">
      <UniqueIdentifier>{a305f2fb-9b20-4591-b528-288cb9360f82}</UniqueIdentifier>
    </Filter>
    <Filter Include="Myway\RenderSystem\Scene\Octree">
      <UniqueIdentifier>{5d7d1a78-5165-4d0b-bd10-ea14f137a7a7}</UniqueIdentifier>
    </Filter>
    <Filter Include="Myway\RenderSystem\RenderSystem">
      <UniqueIdentifier>{9e04a2a0-b2a2-417e-8d40-e7216350764f}</UniqueIdentifier>
    </Filter>
    <Filter Include="Myway\RenderSystem\Material">
      <UniqueIdentifier>{8b2af2c0-2960-4721-bdf7-18408c28e9f6}</UniqueIdentifier>
    </Filter>
    <Filter Include="Myway\RenderSystem\Material\Shader">
      <UniqueIdentifier>{b7629446-fbfe-4c9f-bb56-e3d460fd0bb8}</UniqueIdentifier>
    </Filter>
    <Filter Include="Myway\RenderSystem\RenderScheme">
      <UniqueIdentifier>{dd080074-ba79-4077-91ec-ee7597756085}</UniqueIdentifier>
    </Filter>
    <Filter Include="Myway\RenderSystem\Primitive">
      <UniqueIdentifier>{0804c624-be4d-45d8-af23-5bbd72168315}</UniqueIdentifier>
    </Filter>
    <Filter Include="Myway\AI">
      <UniqueIdentifier>{54c55b91-8cc5-4e37-9608-fe8eafe90ae5}</UniqueIdentifier>
    </Filter>
    <Filter Include="Myway\InputSystem">
      <UniqueIdentifier>{2f892833-dadb-4ef2-9352-b0360ecf888b}</UniqueIdentifier>
    </Filter>
    <Filter Include="Myway\Net">
      <UniqueIdentifier>{21aaec86-b088-46cf-aa73-8a781a186df9}</UniqueIdentifier>
    </Filter>
    <Filter Include="Myway\App">
      <UniqueIdentifier>{814556e8-b544-42f2-8350-57a475a5ecee}</UniqueIdentifier>
    </Filter>
    <Filter Include="Myway\AudioSystem">
      <UniqueIdentifier>{6c415a54-c836-424e-8dcb-94f2fa6c7c9e}</UniqueIdentifier>
    </Filter>
  </ItemGroup>
  <ItemGroup>
    <ClInclude Include="Myway.h">
      <Filter>Myway</Filter>
    </ClInclude>
    <ClInclude Include="Core\MWAllocObj.h">
      <Filter>Myway\Core</Filter>
    </ClInclude>
    <ClInclude Include="Core\MWArchive.h">
      <Filter>Myway\Core</Filter>
    </ClInclude>
    <ClInclude Include="Core\MWArchiveZip.h">
      <Filter>Myway\Core</Filter>
    </ClInclude>
    <ClInclude Include="Core\MWCharSet.h">
      <Filter>Myway\Core</Filter>
    </ClInclude>
    <ClInclude Include="Core\MWCodeTimer.h">
      <Filter>Myway\Core</Filter>
    </ClInclude>
    <ClInclude Include="Core\MWCommand.h">
      <Filter>Myway\Core</Filter>
    </ClInclude>
    <ClInclude Include="Core\MWCore.h">
      <Filter>Myway\Core</Filter>
    </ClInclude>
    <ClInclude Include="Core\MWDataBase.h">
      <Filter>Myway\Core</Filter>
    </ClInclude>
    <ClInclude Include="Core\MWDataStream.h">
      <Filter>Myway\Core</Filter>
    </ClInclude>
    <ClInclude Include="Core\MWDataTable.h">
      <Filter>Myway\Core</Filter>
    </ClInclude>
    <ClInclude Include="Core\MWDebug.h">
      <Filter>Myway\Core</Filter>
    </ClInclude>
    <ClInclude Include="Core\MWDefine.h">
      <Filter>Myway\Core</Filter>
    </ClInclude>
    <ClInclude Include="Core\MWDynamicLinkLib.h">
      <Filter>Myway\Core</Filter>
    </ClInclude>
    <ClInclude Include="Core\MWEvent.h">
      <Filter>Myway\Core</Filter>
    </ClInclude>
    <ClInclude Include="Core\MWException.h">
      <Filter>Myway\Core</Filter>
    </ClInclude>
    <ClInclude Include="Core\MWFactory.h">
      <Filter>Myway\Core</Filter>
    </ClInclude>
    <ClInclude Include="Core\MWFile.h">
      <Filter>Myway\Core</Filter>
    </ClInclude>
    <ClInclude Include="Core\MWFileSystem.h">
      <Filter>Myway\Core</Filter>
    </ClInclude>
    <ClInclude Include="Core\MWGuid.h">
      <Filter>Myway\Core</Filter>
    </ClInclude>
    <ClInclude Include="Core\MWLogSystem.h">
      <Filter>Myway\Core</Filter>
    </ClInclude>
    <ClInclude Include="Core\MWMemberPool.h">
      <Filter>Myway\Core</Filter>
    </ClInclude>
    <ClInclude Include="Core\MWMemory.h">
      <Filter>Myway\Core</Filter>
    </ClInclude>
    <ClInclude Include="Core\MWMemoryPool.h">
      <Filter>Myway\Core</Filter>
    </ClInclude>
    <ClInclude Include="Core\MWMutex.h">
      <Filter>Myway\Core</Filter>
    </ClInclude>
    <ClInclude Include="Core\MWOption.h">
      <Filter>Myway\Core</Filter>
    </ClInclude>
    <ClInclude Include="Core\MWPlugin.h">
      <Filter>Myway\Core</Filter>
    </ClInclude>
    <ClInclude Include="Core\MWProperty.h">
      <Filter>Myway\Core</Filter>
    </ClInclude>
    <ClInclude Include="Core\MWString.h">
      <Filter>Myway\Core</Filter>
    </ClInclude>
    <ClInclude Include="Core\MWSystem.h">
      <Filter>Myway\Core</Filter>
    </ClInclude>
    <ClInclude Include="Core\MWTaskManager.h">
      <Filter>Myway\Core</Filter>
    </ClInclude>
    <ClInclude Include="Core\MWThread.h">
      <Filter>Myway\Core</Filter>
    </ClInclude>
    <ClInclude Include="Core\MWTimer.h">
      <Filter>Myway\Core</Filter>
    </ClInclude>
    <ClInclude Include="RenderSystem\MWTrigger.h">
      <Filter>Myway\Core</Filter>
    </ClInclude>
    <ClInclude Include="Core\MWAllocator.h">
      <Filter>Myway\Core\Template</Filter>
    </ClInclude>
    <ClInclude Include="Core\MWArray.h">
      <Filter>Myway\Core\Template</Filter>
    </ClInclude>
    <ClInclude Include="Core\MWBitFlag.h">
      <Filter>Myway\Core\Template</Filter>
    </ClInclude>
    <ClInclude Include="Core\MWDQueue.h">
      <Filter>Myway\Core\Template</Filter>
    </ClInclude>
    <ClInclude Include="Core\MWHashMap.h">
      <Filter>Myway\Core\Template</Filter>
    </ClInclude>
    <ClInclude Include="Core\MWList.h">
      <Filter>Myway\Core\Template</Filter>
    </ClInclude>
    <ClInclude Include="Core\MWMap.h">
      <Filter>Myway\Core\Template</Filter>
    </ClInclude>
    <ClInclude Include="Core\MWMultiMap.h">
      <Filter>Myway\Core\Template</Filter>
    </ClInclude>
    <ClInclude Include="Core\MWQueue.h">
      <Filter>Myway\Core\Template</Filter>
    </ClInclude>
    <ClInclude Include="Core\MWRefObj.h">
      <Filter>Myway\Core\Template</Filter>
    </ClInclude>
    <ClInclude Include="Core\MWRTTIObj.h">
      <Filter>Myway\Core\Template</Filter>
    </ClInclude>
    <ClInclude Include="Core\MWSearch.h">
      <Filter>Myway\Core\Template</Filter>
    </ClInclude>
    <ClInclude Include="Core\MWSingleton.h">
      <Filter>Myway\Core\Template</Filter>
    </ClInclude>
    <ClInclude Include="Core\MWSmartPtr.h">
      <Filter>Myway\Core\Template</Filter>
    </ClInclude>
    <ClInclude Include="Core\MWSort.h">
      <Filter>Myway\Core\Template</Filter>
    </ClInclude>
    <ClInclude Include="Core\MWStack.h">
      <Filter>Myway\Core\Template</Filter>
    </ClInclude>
    <ClInclude Include="Core\MWTString.h">
      <Filter>Myway\Core\Template</Filter>
    </ClInclude>
    <ClInclude Include="Core\MWVisitor.h">
      <Filter>Myway\Core\Template</Filter>
    </ClInclude>
    <ClInclude Include="Core\MWXml.h">
      <Filter>Myway\Core\xml</Filter>
    </ClInclude>
    <ClInclude Include="Math\MWAabb.h">
      <Filter>Myway\Math</Filter>
    </ClInclude>
    <ClInclude Include="Math\MWBox.h">
      <Filter>Myway\Math</Filter>
    </ClInclude>
    <ClInclude Include="Math\MWColor.h">
      <Filter>Myway\Math</Filter>
    </ClInclude>
    <ClInclude Include="Math\MWColor4.h">
      <Filter>Myway\Math</Filter>
    </ClInclude>
    <ClInclude Include="Math\MWFrustum.h">
      <Filter>Myway\Math</Filter>
    </ClInclude>
    <ClInclude Include="Math\MWLine.h">
      <Filter>Myway\Math</Filter>
    </ClInclude>
    <ClInclude Include="Math\MWMath.h">
      <Filter>Myway\Math</Filter>
    </ClInclude>
    <ClInclude Include="Math\MWMathSSE.h">
      <Filter>Myway\Math</Filter>
    </ClInclude>
    <ClInclude Include="Math\MWMatrix3.h">
      <Filter>Myway\Math</Filter>
    </ClInclude>
    <ClInclude Include="Math\MWMatrix3x4.h">
      <Filter>Myway\Math</Filter>
    </ClInclude>
    <ClInclude Include="Math\MWMatrix4.h">
      <Filter>Myway\Math</Filter>
    </ClInclude>
    <ClInclude Include="Math\MWPlane.h">
      <Filter>Myway\Math</Filter>
    </ClInclude>
    <ClInclude Include="Math\MWQuaternion.h">
      <Filter>Myway\Math</Filter>
    </ClInclude>
    <ClInclude Include="Math\MWRay.h">
      <Filter>Myway\Math</Filter>
    </ClInclude>
    <ClInclude Include="Math\MWRect.h">
      <Filter>Myway\Math</Filter>
    </ClInclude>
    <ClInclude Include="Math\MWSkinInfl.h">
      <Filter>Myway\Math</Filter>
    </ClInclude>
    <ClInclude Include="Math\MWSphere.h">
      <Filter>Myway\Math</Filter>
    </ClInclude>
    <ClInclude Include="Math\MWTriangle.h">
      <Filter>Myway\Math</Filter>
    </ClInclude>
    <ClInclude Include="Math\MWVector2.h">
      <Filter>Myway\Math</Filter>
    </ClInclude>
    <ClInclude Include="Math\MWVector3.h">
      <Filter>Myway\Math</Filter>
    </ClInclude>
    <ClInclude Include="Math\MWVector4.h">
      <Filter>Myway\Math</Filter>
    </ClInclude>
    <ClInclude Include="Math\MWVectorX.h">
      <Filter>Myway\Math</Filter>
    </ClInclude>
    <ClInclude Include="Engine\Engine.h">
      <Filter>Myway\Engine</Filter>
    </ClInclude>
    <ClInclude Include="RenderSystem\MWResource.h">
      <Filter>Myway\RenderSystem\Resource</Filter>
    </ClInclude>
    <ClInclude Include="RenderSystem\MWResourceManager.h">
      <Filter>Myway\RenderSystem\Resource</Filter>
    </ClInclude>
    <ClInclude Include="RenderSystem\MWAnimation.h">
      <Filter>Myway\RenderSystem\Entity</Filter>
    </ClInclude>
    <ClInclude Include="RenderSystem\MWBone.h">
      <Filter>Myway\RenderSystem\Entity</Filter>
    </ClInclude>
    <ClInclude Include="RenderSystem\MWEntity.h">
      <Filter>Myway\RenderSystem\Entity</Filter>
    </ClInclude>
    <ClInclude Include="RenderSystem\MWMesh.h">
      <Filter>Myway\RenderSystem\Entity</Filter>
    </ClInclude>
    <ClInclude Include="RenderSystem\MWMeshLoader.h">
      <Filter>Myway\RenderSystem\Entity</Filter>
    </ClInclude>
    <ClInclude Include="RenderSystem\MWMeshManager.h">
      <Filter>Myway\RenderSystem\Entity</Filter>
    </ClInclude>
    <ClInclude Include="RenderSystem\MWSkeleton.h">
      <Filter>Myway\RenderSystem\Entity</Filter>
    </ClInclude>
    <ClInclude Include="RenderSystem\MWSkeletonInstance.h">
      <Filter>Myway\RenderSystem\Entity</Filter>
    </ClInclude>
    <ClInclude Include="RenderSystem\MWSkeletonLoader.h">
      <Filter>Myway\RenderSystem\Entity</Filter>
    </ClInclude>
    <ClInclude Include="RenderSystem\MWSkeletonManager.h">
      <Filter>Myway\RenderSystem\Entity</Filter>
    </ClInclude>
    <ClInclude Include="RenderSystem\MWLight.h">
      <Filter>Myway\RenderSystem\Light</Filter>
    </ClInclude>
    <ClInclude Include="RenderSystem\MWCamera.h">
      <Filter>Myway\RenderSystem\Scene</Filter>
    </ClInclude>
    <ClInclude Include="RenderSystem\MWNode.h">
      <Filter>Myway\RenderSystem\Scene</Filter>
    </ClInclude>
    <ClInclude Include="RenderSystem\MWScene.h">
      <Filter>Myway\RenderSystem\Scene</Filter>
    </ClInclude>
    <ClInclude Include="RenderSystem\MWSceneNode.h">
      <Filter>Myway\RenderSystem\Scene</Filter>
    </ClInclude>
    <ClInclude Include="RenderSystem\MWWorld.h">
      <Filter>Myway\RenderSystem\Scene</Filter>
    </ClInclude>
    <ClInclude Include="RenderSystem\MWSceneOctree.h">
      <Filter>Myway\RenderSystem\Scene\Octree</Filter>
    </ClInclude>
    <ClInclude Include="RenderSystem\MWDepthStencil.h">
      <Filter>Myway\RenderSystem\RenderSystem</Filter>
    </ClInclude>
    <ClInclude Include="RenderSystem\MWDeviceCaps.h">
      <Filter>Myway\RenderSystem\RenderSystem</Filter>
    </ClInclude>
    <ClInclude Include="RenderSystem\MWImage.h">
      <Filter>Myway\RenderSystem\RenderSystem</Filter>
    </ClInclude>
    <ClInclude Include="RenderSystem\MWIndexBuffer.h">
      <Filter>Myway\RenderSystem\RenderSystem</Filter>
    </ClInclude>
    <ClInclude Include="RenderSystem\MWRenderDefine.h">
      <Filter>Myway\RenderSystem\RenderSystem</Filter>
    </ClInclude>
    <ClInclude Include="RenderSystem\MWRenderRegister.h">
      <Filter>Myway\RenderSystem\RenderSystem</Filter>
    </ClInclude>
    <ClInclude Include="RenderSystem\MWRenderSystem.h">
      <Filter>Myway\RenderSystem\RenderSystem</Filter>
    </ClInclude>
    <ClInclude Include="RenderSystem\MWRenderTarget.h">
      <Filter>Myway\RenderSystem\RenderSystem</Filter>
    </ClInclude>
    <ClInclude Include="RenderSystem\MWTexture.h">
      <Filter>Myway\RenderSystem\RenderSystem</Filter>
    </ClInclude>
    <ClInclude Include="RenderSystem\MWVertexBuffer.h">
      <Filter>Myway\RenderSystem\RenderSystem</Filter>
    </ClInclude>
    <ClInclude Include="RenderSystem\MWVertexDeclaration.h">
      <Filter>Myway\RenderSystem\RenderSystem</Filter>
    </ClInclude>
    <ClInclude Include="RenderSystem\MWVideoBufferManager.h">
      <Filter>Myway\RenderSystem\RenderSystem</Filter>
    </ClInclude>
    <ClInclude Include="RenderSystem\MWMaterial.h">
      <Filter>Myway\RenderSystem\Material</Filter>
    </ClInclude>
    <ClInclude Include="RenderSystem\MWShaderFX.h">
      <Filter>Myway\RenderSystem\Material\Shader</Filter>
    </ClInclude>
    <ClInclude Include="RenderSystem\MWShaderFXLoader.h">
      <Filter>Myway\RenderSystem\Material\Shader</Filter>
    </ClInclude>
    <ClInclude Include="RenderSystem\MWShaderParam.h">
      <Filter>Myway\RenderSystem\Material\Shader</Filter>
    </ClInclude>
    <ClInclude Include="RenderSystem\MWShaderProgram.h">
      <Filter>Myway\RenderSystem\Material\Shader</Filter>
    </ClInclude>
    <ClInclude Include="RenderSystem\MWShaderProgramManager.h">
      <Filter>Myway\RenderSystem\Material\Shader</Filter>
    </ClInclude>
    <ClInclude Include="RenderSystem\MWShaderProvider.h">
      <Filter>Myway\RenderSystem\Material\Shader</Filter>
    </ClInclude>
    <ClInclude Include="RenderSystem\MWRenderEvent.h">
      <Filter>Myway\RenderSystem\RenderScheme</Filter>
    </ClInclude>
    <ClInclude Include="RenderSystem\MWRenderHelper.h">
      <Filter>Myway\RenderSystem\RenderScheme</Filter>
    </ClInclude>
    <ClInclude Include="RenderSystem\MWRenderQueue.h">
      <Filter>Myway\RenderSystem\RenderScheme</Filter>
    </ClInclude>
    <ClInclude Include="RenderSystem\MWRenderScheme.h">
      <Filter>Myway\RenderSystem\RenderScheme</Filter>
    </ClInclude>
    <ClInclude Include="RenderSystem\MWMover.h">
      <Filter>Myway\RenderSystem\Primitive</Filter>
    </ClInclude>
    <ClInclude Include="RenderSystem\MWPrimtiveStream.h">
      <Filter>Myway\RenderSystem\Primitive</Filter>
    </ClInclude>
    <ClInclude Include="RenderSystem\MWRenderer.h">
      <Filter>Myway\RenderSystem\Primitive</Filter>
    </ClInclude>
    <ClInclude Include="AudioSystem\MWAudioSystem.h">
      <Filter>Myway\AudioSystem</Filter>
    </ClInclude>
    <ClInclude Include="AudioSystem\MWMusic.h">
      <Filter>Myway\AudioSystem</Filter>
    </ClInclude>
    <ClInclude Include="AudioSystem\MWSound.h">
      <Filter>Myway\AudioSystem</Filter>
    </ClInclude>
    <ClInclude Include="AI\MWPath.h">
      <Filter>Myway\AI</Filter>
    </ClInclude>
    <ClInclude Include="InputSystem\MWInputSystem.h">
      <Filter>Myway\InputSystem</Filter>
    </ClInclude>
    <ClInclude Include="InputSystem\MWJoystick.h">
      <Filter>Myway\InputSystem</Filter>
    </ClInclude>
    <ClInclude Include="InputSystem\MWKeyboard.h">
      <Filter>Myway\InputSystem</Filter>
    </ClInclude>
    <ClInclude Include="InputSystem\MWKeyCode.h">
      <Filter>Myway\InputSystem</Filter>
    </ClInclude>
    <ClInclude Include="InputSystem\MWMouse.h">
      <Filter>Myway\InputSystem</Filter>
    </ClInclude>
    <ClInclude Include="Core\MWNetStream.h">
      <Filter>Myway\Net</Filter>
    </ClInclude>
    <ClInclude Include="Core\MWSocket.h">
      <Filter>Myway\Net</Filter>
    </ClInclude>
    <ClInclude Include="Engine\MWApp_Win32.h">
      <Filter>Myway\App</Filter>
    </ClInclude>
    <ClInclude Include="Physics\MWKDTree.h">
      <Filter>Myway\Physics</Filter>
    </ClInclude>
    <ClInclude Include="Math\MWCurve.h">
      <Filter>Myway\Math</Filter>
    </ClInclude>
    <ClInclude Include="Physics\MWPhysics.h">
      <Filter>Myway\Physics</Filter>
    </ClInclude>
    <ClInclude Include="RenderSystem\MWBillboard.h">
      <Filter>Myway\RenderSystem\Entity</Filter>
    </ClInclude>
    <ClInclude Include="RenderSystem\MWColMesh.h">
      <Filter>Myway\RenderSystem\Entity</Filter>
    </ClInclude>
    <ClInclude Include="Math\MWValue.h">
      <Filter>Myway\Math</Filter>
    </ClInclude>
  </ItemGroup>
  <ItemGroup>
    <None Include="Core\MWAllocObj.inl">
      <Filter>Myway\Core</Filter>
    </None>
    <None Include="Core\MWCodeTimer.inl">
      <Filter>Myway\Core</Filter>
    </None>
    <None Include="Core\MWDataTable.inl">
      <Filter>Myway\Core</Filter>
    </None>
    <None Include="Core\MWFile.inl">
      <Filter>Myway\Core</Filter>
    </None>
    <None Include="Core\MWMemoryPool.inl">
      <Filter>Myway\Core</Filter>
    </None>
    <None Include="Core\MWMutex.inl">
      <Filter>Myway\Core</Filter>
    </None>
    <None Include="Core\MWString.inl">
      <Filter>Myway\Core</Filter>
    </None>
    <None Include="Core\MWAllocator.inl">
      <Filter>Myway\Core\Template</Filter>
    </None>
    <None Include="Core\MWArray.inl">
      <Filter>Myway\Core\Template</Filter>
    </None>
    <None Include="Core\MWBitFlag.inl">
      <Filter>Myway\Core\Template</Filter>
    </None>
    <None Include="Core\MWDQueue.inl">
      <Filter>Myway\Core\Template</Filter>
    </None>
    <None Include="Core\MWHashMap.inl">
      <Filter>Myway\Core\Template</Filter>
    </None>
    <None Include="Core\MWList.inl">
      <Filter>Myway\Core\Template</Filter>
    </None>
    <None Include="Core\MWMap.inl">
      <Filter>Myway\Core\Template</Filter>
    </None>
    <None Include="Core\MWMultiMap.inl">
      <Filter>Myway\Core\Template</Filter>
    </None>
    <None Include="Core\MWQueue.inl">
      <Filter>Myway\Core\Template</Filter>
    </None>
    <None Include="Core\MWRefObj.inl">
      <Filter>Myway\Core\Template</Filter>
    </None>
    <None Include="Core\MWSingleton.inl">
      <Filter>Myway\Core\Template</Filter>
    </None>
    <None Include="Core\MWSmartPtr.inl">
      <Filter>Myway\Core\Template</Filter>
    </None>
    <None Include="Core\MWStack.inl">
      <Filter>Myway\Core\Template</Filter>
    </None>
    <None Include="Math\MWMath.inl">
      <Filter>Myway\Math</Filter>
    </None>
    <None Include="Math\MWVectorX.inl">
      <Filter>Myway\Math</Filter>
    </None>
    <None Include="RenderSystem\MWAnimation.inl">
      <Filter>Myway\RenderSystem\Entity</Filter>
    </None>
    <None Include="RenderSystem\MWLight.inl">
      <Filter>Myway\RenderSystem\Light</Filter>
    </None>
    <None Include="RenderSystem\MWDepthStencil.inl">
      <Filter>Myway\RenderSystem\RenderSystem</Filter>
    </None>
    <None Include="RenderSystem\MWTexture.inl">
      <Filter>Myway\RenderSystem\RenderSystem</Filter>
    </None>
    <None Include="Core\MWSocket.inl">
      <Filter>Myway\Net</Filter>
    </None>
  </ItemGroup>
  <ItemGroup>
    <ClCompile Include="Core\MWArchive.cpp">
      <Filter>Myway\Core</Filter>
    </ClCompile>
    <ClCompile Include="Core\MWArchiveZip.cpp">
      <Filter>Myway\Core</Filter>
    </ClCompile>
    <ClCompile Include="Core\MWCharSet.cpp">
      <Filter>Myway\Core</Filter>
    </ClCompile>
    <ClCompile Include="Core\MWCodeTimer.cpp">
      <Filter>Myway\Core</Filter>
    </ClCompile>
    <ClCompile Include="Core\MWCommand.cpp">
      <Filter>Myway\Core</Filter>
    </ClCompile>
    <ClCompile Include="Core\MWCore.cpp">
      <Filter>Myway\Core</Filter>
    </ClCompile>
    <ClCompile Include="Core\MWDataBase.cpp">
      <Filter>Myway\Core</Filter>
    </ClCompile>
    <ClCompile Include="Core\MWDataStream.cpp">
      <Filter>Myway\Core</Filter>
    </ClCompile>
    <ClCompile Include="Core\MWDebug.cpp">
      <Filter>Myway\Core</Filter>
    </ClCompile>
    <ClCompile Include="Core\MWDynamicLinkLib.cpp">
      <Filter>Myway\Core</Filter>
    </ClCompile>
    <ClCompile Include="Core\MWEvent.cpp">
      <Filter>Myway\Core</Filter>
    </ClCompile>
    <ClCompile Include="Core\MWException.cpp">
      <Filter>Myway\Core</Filter>
    </ClCompile>
    <ClCompile Include="Core\MWFile.cpp">
      <Filter>Myway\Core</Filter>
    </ClCompile>
    <ClCompile Include="Core\MWFileSystem.cpp">
      <Filter>Myway\Core</Filter>
    </ClCompile>
    <ClCompile Include="Core\MWLogSystem.cpp">
      <Filter>Myway\Core</Filter>
    </ClCompile>
    <ClCompile Include="Core\MWMemory.cpp">
      <Filter>Myway\Core</Filter>
    </ClCompile>
    <ClCompile Include="Core\MWMemoryPool.cpp">
      <Filter>Myway\Core</Filter>
    </ClCompile>
    <ClCompile Include="Core\MWOption.cpp">
      <Filter>Myway\Core</Filter>
    </ClCompile>
    <ClCompile Include="Core\MWPlugin.cpp">
      <Filter>Myway\Core</Filter>
    </ClCompile>
    <ClCompile Include="Core\MWProperty.cpp">
      <Filter>Myway\Core</Filter>
    </ClCompile>
    <ClCompile Include="Core\MWString.cpp">
      <Filter>Myway\Core</Filter>
    </ClCompile>
    <ClCompile Include="Core\MWSystem.cpp">
      <Filter>Myway\Core</Filter>
    </ClCompile>
    <ClCompile Include="Core\MWTaskManager.cpp">
      <Filter>Myway\Core</Filter>
    </ClCompile>
    <ClCompile Include="Core\MWThread.cpp">
      <Filter>Myway\Core</Filter>
    </ClCompile>
    <ClCompile Include="Core\MWTimer.cpp">
      <Filter>Myway\Core</Filter>
    </ClCompile>
    <ClCompile Include="RenderSystem\MWTrigger.cpp">
      <Filter>Myway\Core</Filter>
    </ClCompile>
    <ClCompile Include="Core\MWXml.cpp">
      <Filter>Myway\Core\xml</Filter>
    </ClCompile>
    <ClCompile Include="Math\MWAabb.cpp">
      <Filter>Myway\Math</Filter>
    </ClCompile>
    <ClCompile Include="Math\MWColor.cpp">
      <Filter>Myway\Math</Filter>
    </ClCompile>
    <ClCompile Include="Math\MWColor4.cpp">
      <Filter>Myway\Math</Filter>
    </ClCompile>
    <ClCompile Include="Math\MWMath.cpp">
      <Filter>Myway\Math</Filter>
    </ClCompile>
    <ClCompile Include="Math\MWMath_AABB.cpp">
      <Filter>Myway\Math</Filter>
    </ClCompile>
    <ClCompile Include="Math\MWMath_Color.cpp">
      <Filter>Myway\Math</Filter>
    </ClCompile>
    <ClCompile Include="Math\MWMath_Frustum.cpp">
      <Filter>Myway\Math</Filter>
    </ClCompile>
    <ClCompile Include="Math\MWMath_Matrix.cpp">
      <Filter>Myway\Math</Filter>
    </ClCompile>
    <ClCompile Include="Math\MWMath_Plane.cpp">
      <Filter>Myway\Math</Filter>
    </ClCompile>
    <ClCompile Include="Math\MWMath_Quat.cpp">
      <Filter>Myway\Math</Filter>
    </ClCompile>
    <ClCompile Include="Math\MWMath_Ray.cpp">
      <Filter>Myway\Math</Filter>
    </ClCompile>
    <ClCompile Include="Math\MWMath_Sphere.cpp">
      <Filter>Myway\Math</Filter>
    </ClCompile>
    <ClCompile Include="Math\MWMath_Vector.cpp">
      <Filter>Myway\Math</Filter>
    </ClCompile>
    <ClCompile Include="Math\MWMatrix3.cpp">
      <Filter>Myway\Math</Filter>
    </ClCompile>
    <ClCompile Include="Math\MWMatrix3x4.cpp">
      <Filter>Myway\Math</Filter>
    </ClCompile>
    <ClCompile Include="Math\MWMatrix4.cpp">
      <Filter>Myway\Math</Filter>
    </ClCompile>
    <ClCompile Include="Math\MWPlane.cpp">
      <Filter>Myway\Math</Filter>
    </ClCompile>
    <ClCompile Include="Math\MWQuaternion.cpp">
      <Filter>Myway\Math</Filter>
    </ClCompile>
    <ClCompile Include="Math\MWRay.cpp">
      <Filter>Myway\Math</Filter>
    </ClCompile>
    <ClCompile Include="Math\MWSphere.cpp">
      <Filter>Myway\Math</Filter>
    </ClCompile>
    <ClCompile Include="Math\MWVector2.cpp">
      <Filter>Myway\Math</Filter>
    </ClCompile>
    <ClCompile Include="Math\MWVector3.cpp">
      <Filter>Myway\Math</Filter>
    </ClCompile>
    <ClCompile Include="Math\MWVector4.cpp">
      <Filter>Myway\Math</Filter>
    </ClCompile>
    <ClCompile Include="Engine\Engine.cpp">
      <Filter>Myway\Engine</Filter>
    </ClCompile>
    <ClCompile Include="RenderSystem\MWResource.cpp">
      <Filter>Myway\RenderSystem\Resource</Filter>
    </ClCompile>
    <ClCompile Include="RenderSystem\MWResourceManager.cpp">
      <Filter>Myway\RenderSystem\Resource</Filter>
    </ClCompile>
    <ClCompile Include="RenderSystem\MWAnimation.cpp">
      <Filter>Myway\RenderSystem\Entity</Filter>
    </ClCompile>
    <ClCompile Include="RenderSystem\MWBone.cpp">
      <Filter>Myway\RenderSystem\Entity</Filter>
    </ClCompile>
    <ClCompile Include="RenderSystem\MWEntity.cpp">
      <Filter>Myway\RenderSystem\Entity</Filter>
    </ClCompile>
    <ClCompile Include="RenderSystem\MWMesh.cpp">
      <Filter>Myway\RenderSystem\Entity</Filter>
    </ClCompile>
    <ClCompile Include="RenderSystem\MWMeshLoader.cpp">
      <Filter>Myway\RenderSystem\Entity</Filter>
    </ClCompile>
    <ClCompile Include="RenderSystem\MWMeshManager.cpp">
      <Filter>Myway\RenderSystem\Entity</Filter>
    </ClCompile>
    <ClCompile Include="RenderSystem\MWSkeleton.cpp">
      <Filter>Myway\RenderSystem\Entity</Filter>
    </ClCompile>
    <ClCompile Include="RenderSystem\MWSkeletonInstance.cpp">
      <Filter>Myway\RenderSystem\Entity</Filter>
    </ClCompile>
    <ClCompile Include="RenderSystem\MWSkeletonLoader.cpp">
      <Filter>Myway\RenderSystem\Entity</Filter>
    </ClCompile>
    <ClCompile Include="RenderSystem\MWSkeletonManager.cpp">
      <Filter>Myway\RenderSystem\Entity</Filter>
    </ClCompile>
    <ClCompile Include="RenderSystem\MWLight.cpp">
      <Filter>Myway\RenderSystem\Light</Filter>
    </ClCompile>
    <ClCompile Include="RenderSystem\MWCamera.cpp">
      <Filter>Myway\RenderSystem\Scene</Filter>
    </ClCompile>
    <ClCompile Include="RenderSystem\MWSceneNode.cpp">
      <Filter>Myway\RenderSystem\Scene</Filter>
    </ClCompile>
    <ClCompile Include="RenderSystem\MWWorld.cpp">
      <Filter>Myway\RenderSystem\Scene</Filter>
    </ClCompile>
    <ClCompile Include="RenderSystem\MWSceneOctree.cpp">
      <Filter>Myway\RenderSystem\Scene\Octree</Filter>
    </ClCompile>
    <ClCompile Include="RenderSystem\MWDepthStencil.cpp">
      <Filter>Myway\RenderSystem\RenderSystem</Filter>
    </ClCompile>
    <ClCompile Include="RenderSystem\MWDeviceCaps.cpp">
      <Filter>Myway\RenderSystem\RenderSystem</Filter>
    </ClCompile>
    <ClCompile Include="RenderSystem\MWImage.cpp">
      <Filter>Myway\RenderSystem\RenderSystem</Filter>
    </ClCompile>
    <ClCompile Include="RenderSystem\MWRenderRegister.cpp">
      <Filter>Myway\RenderSystem\RenderSystem</Filter>
    </ClCompile>
    <ClCompile Include="RenderSystem\MWRenderSystem.cpp">
      <Filter>Myway\RenderSystem\RenderSystem</Filter>
    </ClCompile>
    <ClCompile Include="RenderSystem\MWRenderTarget.cpp">
      <Filter>Myway\RenderSystem\RenderSystem</Filter>
    </ClCompile>
    <ClCompile Include="RenderSystem\MWTexture.cpp">
      <Filter>Myway\RenderSystem\RenderSystem</Filter>
    </ClCompile>
    <ClCompile Include="RenderSystem\MWVertexDeclaration.cpp">
      <Filter>Myway\RenderSystem\RenderSystem</Filter>
    </ClCompile>
    <ClCompile Include="RenderSystem\MWVideoBufferManager.cpp">
      <Filter>Myway\RenderSystem\RenderSystem</Filter>
    </ClCompile>
    <ClCompile Include="RenderSystem\MWMaterial.cpp">
      <Filter>Myway\RenderSystem\Material</Filter>
    </ClCompile>
    <ClCompile Include="RenderSystem\MWShaderFX.cpp">
      <Filter>Myway\RenderSystem\Material\Shader</Filter>
    </ClCompile>
    <ClCompile Include="RenderSystem\MWShaderFXLoader.cpp">
      <Filter>Myway\RenderSystem\Material\Shader</Filter>
    </ClCompile>
    <ClCompile Include="RenderSystem\MWShaderParam.cpp">
      <Filter>Myway\RenderSystem\Material\Shader</Filter>
    </ClCompile>
    <ClCompile Include="RenderSystem\MWShaderProgram.cpp">
      <Filter>Myway\RenderSystem\Material\Shader</Filter>
    </ClCompile>
    <ClCompile Include="RenderSystem\MWShaderProgramManager.cpp">
      <Filter>Myway\RenderSystem\Material\Shader</Filter>
    </ClCompile>
    <ClCompile Include="RenderSystem\MWShaderProvider.cpp">
      <Filter>Myway\RenderSystem\Material\Shader</Filter>
    </ClCompile>
    <ClCompile Include="RenderSystem\MWRenderEvent.cpp">
      <Filter>Myway\RenderSystem\RenderScheme</Filter>
    </ClCompile>
    <ClCompile Include="RenderSystem\MWRenderHelper.cpp">
      <Filter>Myway\RenderSystem\RenderScheme</Filter>
    </ClCompile>
    <ClCompile Include="RenderSystem\MWRenderQueue.cpp">
      <Filter>Myway\RenderSystem\RenderScheme</Filter>
    </ClCompile>
    <ClCompile Include="RenderSystem\MWRenderScheme.cpp">
      <Filter>Myway\RenderSystem\RenderScheme</Filter>
    </ClCompile>
    <ClCompile Include="RenderSystem\MWMover.cpp">
      <Filter>Myway\RenderSystem\Primitive</Filter>
    </ClCompile>
    <ClCompile Include="RenderSystem\MWPrimtiveStream.cpp">
      <Filter>Myway\RenderSystem\Primitive</Filter>
    </ClCompile>
    <ClCompile Include="RenderSystem\MWRenderer.cpp">
      <Filter>Myway\RenderSystem\Primitive</Filter>
    </ClCompile>
    <ClCompile Include="AudioSystem\MWAudioSystem.cpp">
      <Filter>Myway\AudioSystem</Filter>
    </ClCompile>
    <ClCompile Include="AudioSystem\MWMusic.cpp">
      <Filter>Myway\AudioSystem</Filter>
    </ClCompile>
    <ClCompile Include="AudioSystem\MWSound.cpp">
      <Filter>Myway\AudioSystem</Filter>
    </ClCompile>
    <ClCompile Include="AI\MWPath.cpp">
      <Filter>Myway\AI</Filter>
    </ClCompile>
    <ClCompile Include="InputSystem\MWInputSystem.cpp">
      <Filter>Myway\InputSystem</Filter>
    </ClCompile>
    <ClCompile Include="Core\MWNetStream.cpp">
      <Filter>Myway\Net</Filter>
    </ClCompile>
    <ClCompile Include="Core\MWSocket.cpp">
      <Filter>Myway\Net</Filter>
    </ClCompile>
    <ClCompile Include="Engine\MWApp_Win32.cpp">
      <Filter>Myway\App</Filter>
    </ClCompile>
    <ClCompile Include="main.cpp" />
    <ClCompile Include="Math\MWCurve.cpp">
      <Filter>Myway\Math</Filter>
    </ClCompile>
    <ClCompile Include="Physics\MWPhysics.cpp">
      <Filter>Myway\Physics</Filter>
    </ClCompile>
    <ClCompile Include="RenderSystem\MWRenderDefine.cpp">
      <Filter>Myway\RenderSystem\RenderSystem</Filter>
    </ClCompile>
    <ClCompile Include="RenderSystem\MWBillboard.cpp">
      <Filter>Myway\RenderSystem\Entity</Filter>
    </ClCompile>
    <ClCompile Include="RenderSystem\MWColMesh.cpp">
      <Filter>Myway\RenderSystem\Entity</Filter>
    </ClCompile>
  </ItemGroup>
</Project>