<?xml version="1.0" encoding="utf-8"?>
<Project ToolsVersion="4.0" xmlns="http://schemas.microsoft.com/developer/msbuild/2003">
  <ItemGroup>
    <ClCompile Include="main.cpp" />
    <ClCompile Include="stdafx.cpp" />
    <ClCompile Include="GameMessage.cpp">
      <Filter>Core</Filter>
    </ClCompile>
    <ClCompile Include="GameMode.cpp">
      <Filter>Core</Filter>
    </ClCompile>
    <ClCompile Include="Game.cpp">
      <Filter>Core</Filter>
    </ClCompile>
    <ClCompile Include="GameData.cpp">
      <Filter>Core</Filter>
    </ClCompile>
    <ClCompile Include="GameStructer.cpp">
      <Filter>Core</Filter>
    </ClCompile>
    <ClCompile Include="GameHelper.cpp">
      <Filter>Core</Filter>
    </ClCompile>
    <ClCompile Include="GameAI.cpp">
      <Filter>Core</Filter>
    </ClCompile>
    <ClCompile Include="GameActor.cpp">
      <Filter>Entity</Filter>
    </ClCompile>
    <ClCompile Include="GameEntity.cpp">
      <Filter>Entity</Filter>
    </ClCompile>
    <ClCompile Include="GameNpc.cpp">
      <Filter>Entity</Filter>
    </ClCompile>
    <ClCompile Include="GameCameraController.cpp">
      <Filter>Core</Filter>
    </ClCompile>
    <ClCompile Include="GUI_Util.cpp">
      <Filter>UI</Filter>
    </ClCompile>
    <ClCompile Include="GameObject.cpp">
      <Filter>Entity</Filter>
    </ClCompile>
    <ClCompile Include="GameMap.cpp">
      <Filter>Scene</Filter>
    </ClCompile>
    <ClCompile Include="GameMesh.cpp">
      <Filter>Scene</Filter>
    </ClCompile>
  </ItemGroup>
  <ItemGroup>
    <Filter Include="Entity">
      <UniqueIdentifier>{b0415e5c-d7f9-48bf-ad1c-c83655b938cd}</UniqueIdentifier>
    </Filter>
    <Filter Include="Core">
      <UniqueIdentifier>{aece5fb8-2147-491d-bd23-9d1702269b9c}</UniqueIdentifier>
    </Filter>
    <Filter Include="UI">
      <UniqueIdentifier>{5dafe27e-3cbf-433a-8471-eb8b0876dfcd}</UniqueIdentifier>
    </Filter>
    <Filter Include="Scene">
      <UniqueIdentifier>{2f597e43-3b4d-4f61-806d-9a630e4c5627}</UniqueIdentifier>
    </Filter>
  </ItemGroup>
  <ItemGroup>
    <ClInclude Include="stdafx.h" />
    <ClInclude Include="GameMessage.h">
      <Filter>Core</Filter>
    </ClInclude>
    <ClInclude Include="GameMode.h">
      <Filter>Core</Filter>
    </ClInclude>
    <ClInclude Include="Game.h">
      <Filter>Core</Filter>
    </ClInclude>
    <ClInclude Include="GameData.h">
      <Filter>Core</Filter>
    </ClInclude>
    <ClInclude Include="GameHelper.h">
      <Filter>Core</Filter>
    </ClInclude>
    <ClInclude Include="GameCoreEntry.h">
      <Filter>Core</Filter>
    </ClInclude>
    <ClInclude Include="GameStructer.h">
      <Filter>Core</Filter>
    </ClInclude>
    <ClInclude Include="GameCore.h">
      <Filter>Core</Filter>
    </ClInclude>
    <ClInclude Include="GameAI.h">
      <Filter>Core</Filter>
    </ClInclude>
    <ClInclude Include="GameActor.h">
      <Filter>Entity</Filter>
    </ClInclude>
    <ClInclude Include="GameEntity.h">
      <Filter>Entity</Filter>
    </ClInclude>
    <ClInclude Include="GameNpc.h">
      <Filter>Entity</Filter>
    </ClInclude>
    <ClInclude Include="GameCameraController.h">
      <Filter>Core</Filter>
    </ClInclude>
    <ClInclude Include="GUI_Util.h">
      <Filter>UI</Filter>
    </ClInclude>
    <ClInclude Include="GameObject.h">
      <Filter>Entity</Filter>
    </ClInclude>
    <ClInclude Include="GameMap.h">
      <Filter>Scene</Filter>
    </ClInclude>
    <ClInclude Include="GameMesh.h">
      <Filter>Scene</Filter>
    </ClInclude>
  </ItemGroup>
</Project>