<?xml version="1.0" encoding="utf-8"?>
<Project ToolsVersion="4.0" xmlns="http://schemas.microsoft.com/developer/msbuild/2003">
  <ItemGroup>
    <Filter Include="Ui">
      <UniqueIdentifier>{63c2b11b-5fe3-4dd7-8f5f-6ddc1d4f2e50}</UniqueIdentifier>
    </Filter>
    <Filter Include="Control">
      <UniqueIdentifier>{f019888c-cd6c-4578-98ff-667e9fe47136}</UniqueIdentifier>
    </Filter>
    <Filter Include="Ui\MFC App">
      <UniqueIdentifier>{26436a16-b908-4036-a12d-068c8bd94231}</UniqueIdentifier>
    </Filter>
    <Filter Include="Res">
      <UniqueIdentifier>{649983c8-673e-4f25-a823-2383c709e1b4}</UniqueIdentifier>
    </Filter>
    <Filter Include="Terrain">
      <UniqueIdentifier>{dcc9d698-c7ed-4718-ac81-2ae4fb3425b0}</UniqueIdentifier>
    </Filter>
    <Filter Include="Mesh">
      <UniqueIdentifier>{7e604fda-30b8-4221-ac5d-f56f8cab7a68}</UniqueIdentifier>
    </Filter>
    <Filter Include="Terrain\UI">
      <UniqueIdentifier>{f4ad8fc6-029d-45b6-aedb-14cc27d02d6b}</UniqueIdentifier>
    </Filter>
  </ItemGroup>
  <ItemGroup>
    <ClCompile Include="ClassView.cpp">
      <Filter>Ui\MFC App</Filter>
    </ClCompile>
    <ClCompile Include="Infinate.cpp">
      <Filter>Ui\MFC App</Filter>
    </ClCompile>
    <ClCompile Include="InfinateDoc.cpp">
      <Filter>Ui\MFC App</Filter>
    </ClCompile>
    <ClCompile Include="InfinateView.cpp">
      <Filter>Ui\MFC App</Filter>
    </ClCompile>
    <ClCompile Include="MainFrm.cpp">
      <Filter>Ui\MFC App</Filter>
    </ClCompile>
    <ClCompile Include="OutputWnd.cpp">
      <Filter>Ui\MFC App</Filter>
    </ClCompile>
    <ClCompile Include="ViewTree.cpp">
      <Filter>Ui\MFC App</Filter>
    </ClCompile>
    <ClCompile Include="stdafx.cpp">
      <Filter>Ui\MFC App</Filter>
    </ClCompile>
    <ClCompile Include="PropertiesWnd.cpp">
      <Filter>Ui</Filter>
    </ClCompile>
    <ClCompile Include="ObjCreatorView.cpp">
      <Filter>Ui</Filter>
    </ClCompile>
    <ClCompile Include="xApp.cpp">
      <Filter>Control</Filter>
    </ClCompile>
    <ClCompile Include="xObj.cpp">
      <Filter>Control</Filter>
    </ClCompile>
    <ClCompile Include="xGizmo.cpp">
      <Filter>Control</Filter>
    </ClCompile>
    <ClCompile Include="xObjBound.cpp">
      <Filter>Control</Filter>
    </ClCompile>
    <ClCompile Include="xToolBar.cpp">
      <Filter>Ui</Filter>
    </ClCompile>
    <ClCompile Include="xBaseOperator.cpp">
      <Filter>Control</Filter>
    </ClCompile>
    <ClCompile Include="xMesh.cpp">
      <Filter>Mesh</Filter>
    </ClCompile>
    <ClCompile Include="xTerrainOp.cpp">
      <Filter>Terrain</Filter>
    </ClCompile>
    <ClCompile Include="xEditTerrainHeight.cpp">
      <Filter>Terrain</Filter>
    </ClCompile>
    <ClCompile Include="xEditTerrainLayer.cpp">
      <Filter>Terrain</Filter>
    </ClCompile>
    <ClCompile Include="xTerrainPane.cpp">
      <Filter>Terrain\UI</Filter>
    </ClCompile>
    <ClCompile Include="xTerrainLayerDlg.cpp">
      <Filter>Terrain\UI</Filter>
    </ClCompile>
    <ClCompile Include="xTerrainHeightDlg.cpp">
      <Filter>Terrain\UI</Filter>
    </ClCompile>
  </ItemGroup>
  <ItemGroup>
    <ClInclude Include="ClassView.h">
      <Filter>Ui\MFC App</Filter>
    </ClInclude>
    <ClInclude Include="Infinate.h">
      <Filter>Ui\MFC App</Filter>
    </ClInclude>
    <ClInclude Include="InfinateDoc.h">
      <Filter>Ui\MFC App</Filter>
    </ClInclude>
    <ClInclude Include="InfinateView.h">
      <Filter>Ui\MFC App</Filter>
    </ClInclude>
    <ClInclude Include="MainFrm.h">
      <Filter>Ui\MFC App</Filter>
    </ClInclude>
    <ClInclude Include="OutputWnd.h">
      <Filter>Ui\MFC App</Filter>
    </ClInclude>
    <ClInclude Include="targetver.h">
      <Filter>Ui\MFC App</Filter>
    </ClInclude>
    <ClInclude Include="ViewTree.h">
      <Filter>Ui\MFC App</Filter>
    </ClInclude>
    <ClInclude Include="stdafx.h">
      <Filter>Ui\MFC App</Filter>
    </ClInclude>
    <ClInclude Include="resource.h">
      <Filter>Res</Filter>
    </ClInclude>
    <ClInclude Include="PropertiesWnd.h">
      <Filter>Ui</Filter>
    </ClInclude>
    <ClInclude Include="ObjCreatorView.h">
      <Filter>Ui</Filter>
    </ClInclude>
    <ClInclude Include="xApp.h">
      <Filter>Control</Filter>
    </ClInclude>
    <ClInclude Include="xObj.h">
      <Filter>Control</Filter>
    </ClInclude>
    <ClInclude Include="xGizmo.h">
      <Filter>Control</Filter>
    </ClInclude>
    <ClInclude Include="xObjBound.h">
      <Filter>Control</Filter>
    </ClInclude>
    <ClInclude Include="xToolBar.h">
      <Filter>Ui</Filter>
    </ClInclude>
    <ClInclude Include="xBaseOperator.h">
      <Filter>Control</Filter>
    </ClInclude>
    <ClInclude Include="xMesh.h">
      <Filter>Mesh</Filter>
    </ClInclude>
    <ClInclude Include="xTerrainOp.h">
      <Filter>Terrain</Filter>
    </ClInclude>
    <ClInclude Include="xEditTerrainHeight.h">
      <Filter>Terrain</Filter>
    </ClInclude>
    <ClInclude Include="xEditTerrainLayer.h">
      <Filter>Terrain</Filter>
    </ClInclude>
    <ClInclude Include="xTerrainPane.h">
      <Filter>Terrain\UI</Filter>
    </ClInclude>
    <ClInclude Include="xTerrainLayerDlg.h">
      <Filter>Terrain\UI</Filter>
    </ClInclude>
    <ClInclude Include="xTerrainHeightDlg.h">
      <Filter>Terrain\UI</Filter>
    </ClInclude>
  </ItemGroup>
  <ItemGroup>
    <None Include="res\class_view.ico">
      <Filter>Res</Filter>
    </None>
    <None Include="res\class_view_hc.ico">
      <Filter>Res</Filter>
    </None>
    <None Include="res\classview.bmp">
      <Filter>Res</Filter>
    </None>
    <None Include="res\classview_hc.bmp">
      <Filter>Res</Filter>
    </None>
    <None Include="res\explorer.bmp">
      <Filter>Res</Filter>
    </None>
    <None Include="res\explorer_hc.bmp">
      <Filter>Res</Filter>
    </None>
    <None Include="res\file_view.ico">
      <Filter>Res</Filter>
    </None>
    <None Include="res\file_view_hc.ico">
      <Filter>Res</Filter>
    </None>
    <None Include="res\fileview.bmp">
      <Filter>Res</Filter>
    </None>
    <None Include="res\fileview_hc.bmp">
      <Filter>Res</Filter>
    </None>
    <None Include="res\Infinate.ico">
      <Filter>Res</Filter>
    </None>
    <None Include="res\Infinate.rc2">
      <Filter>Res</Filter>
    </None>
    <None Include="res\InfinateDoc.ico">
      <Filter>Res</Filter>
    </None>
    <None Include="res\menuimages.bmp">
      <Filter>Res</Filter>
    </None>
    <None Include="res\menuimages_hc.bmp">
      <Filter>Res</Filter>
    </None>
    <None Include="res\output_wnd.ico">
      <Filter>Res</Filter>
    </None>
    <None Include="res\output_wnd_hc.ico">
      <Filter>Res</Filter>
    </None>
    <None Include="res\properties.bmp">
      <Filter>Res</Filter>
    </None>
    <None Include="res\properties_hc.bmp">
      <Filter>Res</Filter>
    </None>
    <None Include="res\properties_wnd.ico">
      <Filter>Res</Filter>
    </None>
    <None Include="res\properties_wnd_hc.ico">
      <Filter>Res</Filter>
    </None>
    <None Include="res\sort.bmp">
      <Filter>Res</Filter>
    </None>
    <None Include="res\sort_hc.bmp">
      <Filter>Res</Filter>
    </None>
    <None Include="res\Toolbar256.bmp">
      <Filter>Res</Filter>
    </None>
    <None Include="res\mainfram.bmp" />
  </ItemGroup>
  <ItemGroup>
    <ResourceCompile Include="Infinate.rc">
      <Filter>Res</Filter>
    </ResourceCompile>
  </ItemGroup>
</Project>